
Microsoft Visual Studio Solution File, Format Version 12.00
# Visual Studio 15
VisualStudioVersion = 15.0.26014.0
MinimumVisualStudioVersion = 10.0.40219.1
Project("{FAE04EC0-301F-11D3-BF4B-00C04F79EFBC}") = "EmulatorManager.Components", "EmulatorManager.Components\EmulatorManager.Components.csproj", "{1FA354E6-D00B-44D9-B262-39A3E66D228B}"
EndProject
Project("{FAE04EC0-301F-11D3-BF4B-00C04F79EFBC}") = "EmulatorManager", "EmulatorManager\EmulatorManager.csproj", "{795BBF26-5472-4186-97CC-1D17CE6B9887}"
EndProject
Global
	GlobalSection(SolutionConfigurationPlatforms) = preSolution
		Debug|Any CPU = Debug|Any CPU
		Debug|x64 = Debug|x64
		Release|Any CPU = Release|Any CPU
		Release|x64 = Release|x64
	EndGlobalSection
	GlobalSection(ProjectConfigurationPlatforms) = postSolution
		{1FA354E6-D00B-44D9-B262-39A3E66D228B}.Debug|Any CPU.ActiveCfg = Debug|Any CPU
		{1FA354E6-D00B-44D9-B262-39A3E66D228B}.Debug|Any CPU.Build.0 = Debug|Any CPU
		{1FA354E6-D00B-44D9-B262-39A3E66D228B}.Debug|x64.ActiveCfg = Debug|Any CPU
		{1FA354E6-D00B-44D9-B262-39A3E66D228B}.Debug|x64.Build.0 = Debug|Any CPU
		{1FA354E6-D00B-44D9-B262-39A3E66D228B}.Release|Any CPU.ActiveCfg = Release|Any CPU
		{1FA354E6-D00B-44D9-B262-39A3E66D228B}.Release|Any CPU.Build.0 = Release|Any CPU
		{1FA354E6-D00B-44D9-B262-39A3E66D228B}.Release|x64.ActiveCfg = Release|Any CPU
		{1FA354E6-D00B-44D9-B262-39A3E66D228B}.Release|x64.Build.0 = Release|Any CPU
		{795BBF26-5472-4186-97CC-1D17CE6B9887}.Debug|Any CPU.ActiveCfg = Debug|Any CPU
		{795BBF26-5472-4186-97CC-1D17CE6B9887}.Debug|Any CPU.Build.0 = Debug|Any CPU
		{795BBF26-5472-4186-97CC-1D17CE6B9887}.Debug|x64.ActiveCfg = Debug|Any CPU
		{795BBF26-5472-4186-97CC-1D17CE6B9887}.Debug|x64.Build.0 = Debug|Any CPU
		{795BBF26-5472-4186-97CC-1D17CE6B9887}.Release|Any CPU.ActiveCfg = Release|Any CPU
		{795BBF26-5472-4186-97CC-1D17CE6B9887}.Release|Any CPU.Build.0 = Release|Any CPU
		{795BBF26-5472-4186-97CC-1D17CE6B9887}.Release|x64.ActiveCfg = Release|Any CPU
		{795BBF26-5472-4186-97CC-1D17CE6B9887}.Release|x64.Build.0 = Release|Any CPU
	EndGlobalSection
	GlobalSection(SolutionProperties) = preSolution
		HideSolutionNode = FALSE
	EndGlobalSection
EndGlobal
